// !$*UTF8*$!
{
	archiveVersion = 1;
	classes = {
	};
	objectVersion = 46;
	objects = {

/* Begin PBXBuildFile section */
		1DBBE0C9184CF26000E767CE /* Cocoa.framework in Frameworks */ = {isa = PBXBuildFile; fileRef = 1DBBE0C8184CF26000E767CE /* Cocoa.framework */; };
		1DBBE0D3184CF26000E767CE /* InfoPlist.strings in Resources */ = {isa = PBXBuildFile; fileRef = 1DBBE0D1184CF26000E767CE /* InfoPlist.strings */; };
		1DBBE0F5184CF34C00E767CE /* module.map in CopyFiles */ = {isa = PBXBuildFile; fileRef = 1DBBE0F3184CF2FE00E767CE /* module.map */; };
		1DBBE0FA184CF43F00E767CE /* CMVector.h in Headers */ = {isa = PBXBuildFile; fileRef = 1DBBE0F8184CF43F00E767CE /* CMVector.h */; settings = {ATTRIBUTES = (Public, ); }; };
		1DBBE0FB184CF43F00E767CE /* CMVector.m in Sources */ = {isa = PBXBuildFile; fileRef = 1DBBE0F9184CF43F00E767CE /* CMVector.m */; };
		1DBBE104184CF48700E767CE /* SenTestingKit.framework in Frameworks */ = {isa = PBXBuildFile; fileRef = 1DBBE103184CF48700E767CE /* SenTestingKit.framework */; };
		1DBBE116184CF4CA00E767CE /* CMVectorTest.m in Sources */ = {isa = PBXBuildFile; fileRef = 1DBBE115184CF4CA00E767CE /* CMVectorTest.m */; };
		1DBBE117184CF4CE00E767CE /* CoreMath.h in Headers */ = {isa = PBXBuildFile; fileRef = 1DBBE0D5184CF26000E767CE /* CoreMath.h */; settings = {ATTRIBUTES = (Public, ); }; };
		1DBBE118184CF4FD00E767CE /* CoreMath.framework in Frameworks */ = {isa = PBXBuildFile; fileRef = 1DBBE0C5184CF26000E767CE /* CoreMath.framework */; };
		1DBBE11A184CF55900E767CE /* CoreMath.framework in CopyFiles */ = {isa = PBXBuildFile; fileRef = 1DBBE0C5184CF26000E767CE /* CoreMath.framework */; };
		1DBBE11F184CF65600E767CE /* NSObject+CMArithmetic.h in Headers */ = {isa = PBXBuildFile; fileRef = 1DBBE11D184CF65600E767CE /* NSObject+CMArithmetic.h */; settings = {ATTRIBUTES = (Public, ); }; };
		1DBBE120184CF65600E767CE /* NSObject+CMArithmetic.m in Sources */ = {isa = PBXBuildFile; fileRef = 1DBBE11E184CF65600E767CE /* NSObject+CMArithmetic.m */; };
		1DBBE123184CFDE200E767CE /* NSObject+CMOverloading.h in Headers */ = {isa = PBXBuildFile; fileRef = 1DBBE121184CFDE200E767CE /* NSObject+CMOverloading.h */; settings = {ATTRIBUTES = (Public, ); }; };
		1DBBE124184CFDE200E767CE /* NSObject+CMOverloading.m in Sources */ = {isa = PBXBuildFile; fileRef = 1DBBE122184CFDE200E767CE /* NSObject+CMOverloading.m */; };
		1DBBE135184CFEBF00E767CE /* MSBooster.framework in Frameworks */ = {isa = PBXBuildFile; fileRef = 1DBBE12E184CFE9C00E767CE /* MSBooster.framework */; };
		1DBBE137184CFEFC00E767CE /* MSBooster.framework in CopyFiles */ = {isa = PBXBuildFile; fileRef = 1DBBE12E184CFE9C00E767CE /* MSBooster.framework */; };
		1DBBE13C184D066500E767CE /* NSNumber+CMArithmetic.m in Sources */ = {isa = PBXBuildFile; fileRef = 1DBBE13A184D066500E767CE /* NSNumber+CMArithmetic.m */; };
		1DBBE13E184D836600E767CE /* CMNumberArithmeticTest.m in Sources */ = {isa = PBXBuildFile; fileRef = 1DBBE13D184D836600E767CE /* CMNumberArithmeticTest.m */; };
/* End PBXBuildFile section */

/* Begin PBXContainerItemProxy section */
		1DBBE10E184CF48700E767CE /* PBXContainerItemProxy */ = {
			isa = PBXContainerItemProxy;
			containerPortal = 1DBBE0BC184CF26000E767CE /* Project object */;
			proxyType = 1;
			remoteGlobalIDString = 1DBBE0C4184CF26000E767CE;
			remoteInfo = CoreMath;
		};
		1DBBE12D184CFE9C00E767CE /* PBXContainerItemProxy */ = {
			isa = PBXContainerItemProxy;
			containerPortal = 1DBBE126184CFE9C00E767CE /* MSBooster.xcodeproj */;
			proxyType = 2;
			remoteGlobalIDString = 1D4BF07D17A8FF30005080A2;
			remoteInfo = MSBooster;
		};
		1DBBE12F184CFE9C00E767CE /* PBXContainerItemProxy */ = {
			isa = PBXContainerItemProxy;
			containerPortal = 1DBBE126184CFE9C00E767CE /* MSBooster.xcodeproj */;
			proxyType = 2;
			remoteGlobalIDString = 1D5CBA1B17BD4900009D58E2;
			remoteInfo = MobileBooster;
		};
		1DBBE131184CFE9C00E767CE /* PBXContainerItemProxy */ = {
			isa = PBXContainerItemProxy;
			containerPortal = 1DBBE126184CFE9C00E767CE /* MSBooster.xcodeproj */;
			proxyType = 2;
			remoteGlobalIDString = 1D03B5EA17EA1C060067D035;
			remoteInfo = "MSBooster Tests";
		};
		1DBBE133184CFE9C00E767CE /* PBXContainerItemProxy */ = {
			isa = PBXContainerItemProxy;
			containerPortal = 1DBBE126184CFE9C00E767CE /* MSBooster.xcodeproj */;
			proxyType = 2;
			remoteGlobalIDString = 1D278D1817EB081B00FBDA36;
			remoteInfo = "MSBooster Profiling";
		};
/* End PBXContainerItemProxy section */

/* Begin PBXCopyFilesBuildPhase section */
		1DBBE0F4184CF32F00E767CE /* CopyFiles */ = {
			isa = PBXCopyFilesBuildPhase;
			buildActionMask = 2147483647;
			dstPath = "";
			dstSubfolderSpec = 1;
			files = (
				1DBBE0F5184CF34C00E767CE /* module.map in CopyFiles */,
			);
			runOnlyForDeploymentPostprocessing = 0;
		};
		1DBBE119184CF55200E767CE /* CopyFiles */ = {
			isa = PBXCopyFilesBuildPhase;
			buildActionMask = 2147483647;
			dstPath = "";
			dstSubfolderSpec = 10;
			files = (
				1DBBE11A184CF55900E767CE /* CoreMath.framework in CopyFiles */,
			);
			runOnlyForDeploymentPostprocessing = 0;
		};
		1DBBE136184CFEDA00E767CE /* CopyFiles */ = {
			isa = PBXCopyFilesBuildPhase;
			buildActionMask = 2147483647;
			dstPath = "";
			dstSubfolderSpec = 10;
			files = (
				1DBBE137184CFEFC00E767CE /* MSBooster.framework in CopyFiles */,
			);
			runOnlyForDeploymentPostprocessing = 0;
		};
/* End PBXCopyFilesBuildPhase section */

/* Begin PBXFileReference section */
		1DBBE0C5184CF26000E767CE /* CoreMath.framework */ = {isa = PBXFileReference; explicitFileType = wrapper.framework; includeInIndex = 0; path = CoreMath.framework; sourceTree = BUILT_PRODUCTS_DIR; };
		1DBBE0C8184CF26000E767CE /* Cocoa.framework */ = {isa = PBXFileReference; lastKnownFileType = wrapper.framework; name = Cocoa.framework; path = System/Library/Frameworks/Cocoa.framework; sourceTree = SDKROOT; };
		1DBBE0CB184CF26000E767CE /* Foundation.framework */ = {isa = PBXFileReference; lastKnownFileType = wrapper.framework; name = Foundation.framework; path = System/Library/Frameworks/Foundation.framework; sourceTree = SDKROOT; };
		1DBBE0CC184CF26000E767CE /* CoreData.framework */ = {isa = PBXFileReference; lastKnownFileType = wrapper.framework; name = CoreData.framework; path = System/Library/Frameworks/CoreData.framework; sourceTree = SDKROOT; };
		1DBBE0CD184CF26000E767CE /* AppKit.framework */ = {isa = PBXFileReference; lastKnownFileType = wrapper.framework; name = AppKit.framework; path = System/Library/Frameworks/AppKit.framework; sourceTree = SDKROOT; };
		1DBBE0D0184CF26000E767CE /* CoreMath-Info.plist */ = {isa = PBXFileReference; lastKnownFileType = text.plist.xml; path = "CoreMath-Info.plist"; sourceTree = "<group>"; };
		1DBBE0D2184CF26000E767CE /* en */ = {isa = PBXFileReference; lastKnownFileType = text.plist.strings; name = en; path = en.lproj/InfoPlist.strings; sourceTree = "<group>"; };
		1DBBE0D5184CF26000E767CE /* CoreMath.h */ = {isa = PBXFileReference; lastKnownFileType = sourcecode.c.h; path = CoreMath.h; sourceTree = "<group>"; };
		1DBBE0F3184CF2FE00E767CE /* module.map */ = {isa = PBXFileReference; lastKnownFileType = text; path = module.map; sourceTree = "<group>"; };
		1DBBE0F6184CF36E00E767CE /* .gitignore */ = {isa = PBXFileReference; lastKnownFileType = text; path = .gitignore; sourceTree = "<group>"; };
		1DBBE0F7184CF38400E767CE /* .travis.yml */ = {isa = PBXFileReference; lastKnownFileType = text; path = .travis.yml; sourceTree = "<group>"; };
		1DBBE0F8184CF43F00E767CE /* CMVector.h */ = {isa = PBXFileReference; fileEncoding = 4; lastKnownFileType = sourcecode.c.h; path = CMVector.h; sourceTree = "<group>"; };
		1DBBE0F9184CF43F00E767CE /* CMVector.m */ = {isa = PBXFileReference; fileEncoding = 4; lastKnownFileType = sourcecode.c.objc; path = CMVector.m; sourceTree = "<group>"; };
		1DBBE102184CF48700E767CE /* CoreMathTests.octest */ = {isa = PBXFileReference; explicitFileType = wrapper.cfbundle; includeInIndex = 0; path = CoreMathTests.octest; sourceTree = BUILT_PRODUCTS_DIR; };
		1DBBE103184CF48700E767CE /* SenTestingKit.framework */ = {isa = PBXFileReference; lastKnownFileType = wrapper.framework; name = SenTestingKit.framework; path = Library/Frameworks/SenTestingKit.framework; sourceTree = DEVELOPER_DIR; };
		1DBBE107184CF48700E767CE /* CoreMathTests-Info.plist */ = {isa = PBXFileReference; lastKnownFileType = text.plist; name = "CoreMathTests-Info.plist"; path = "CoreMathTests/CoreMathTests-Info.plist"; sourceTree = "<group>"; };
		1DBBE109184CF48700E767CE /* en */ = {isa = PBXFileReference; lastKnownFileType = text.plist.strings; name = en; path = en.lproj/InfoPlist.strings; sourceTree = "<group>"; };
		1DBBE115184CF4CA00E767CE /* CMVectorTest.m */ = {isa = PBXFileReference; fileEncoding = 4; lastKnownFileType = sourcecode.c.objc; path = CMVectorTest.m; sourceTree = "<group>"; };
		1DBBE11D184CF65600E767CE /* NSObject+CMArithmetic.h */ = {isa = PBXFileReference; fileEncoding = 4; lastKnownFileType = sourcecode.c.h; path = "NSObject+CMArithmetic.h"; sourceTree = "<group>"; };
		1DBBE11E184CF65600E767CE /* NSObject+CMArithmetic.m */ = {isa = PBXFileReference; fileEncoding = 4; lastKnownFileType = sourcecode.c.objc; path = "NSObject+CMArithmetic.m"; sourceTree = "<group>"; };
		1DBBE121184CFDE200E767CE /* NSObject+CMOverloading.h */ = {isa = PBXFileReference; fileEncoding = 4; lastKnownFileType = sourcecode.c.h; path = "NSObject+CMOverloading.h"; sourceTree = "<group>"; };
		1DBBE122184CFDE200E767CE /* NSObject+CMOverloading.m */ = {isa = PBXFileReference; fileEncoding = 4; lastKnownFileType = sourcecode.c.objc; path = "NSObject+CMOverloading.m"; sourceTree = "<group>"; };
		1DBBE126184CFE9C00E767CE /* MSBooster.xcodeproj */ = {isa = PBXFileReference; lastKnownFileType = "wrapper.pb-project"; name = MSBooster.xcodeproj; path = MSBooster/MSBooster.xcodeproj; sourceTree = "<group>"; };
		1DBBE13A184D066500E767CE /* NSNumber+CMArithmetic.m */ = {isa = PBXFileReference; fileEncoding = 4; lastKnownFileType = sourcecode.c.objc; path = "NSNumber+CMArithmetic.m"; sourceTree = "<group>"; };
		1DBBE13D184D836600E767CE /* CMNumberArithmeticTest.m */ = {isa = PBXFileReference; fileEncoding = 4; lastKnownFileType = sourcecode.c.objc; path = CMNumberArithmeticTest.m; sourceTree = "<group>"; };
/* End PBXFileReference section */

/* Begin PBXFrameworksBuildPhase section */
		1DBBE0C1184CF26000E767CE /* Frameworks */ = {
			isa = PBXFrameworksBuildPhase;
			buildActionMask = 2147483647;
			files = (
				1DBBE135184CFEBF00E767CE /* MSBooster.framework in Frameworks */,
				1DBBE0C9184CF26000E767CE /* Cocoa.framework in Frameworks */,
			);
			runOnlyForDeploymentPostprocessing = 0;
		};
		1DBBE0FF184CF48700E767CE /* Frameworks */ = {
			isa = PBXFrameworksBuildPhase;
			buildActionMask = 2147483647;
			files = (
				1DBBE118184CF4FD00E767CE /* CoreMath.framework in Frameworks */,
				1DBBE104184CF48700E767CE /* SenTestingKit.framework in Frameworks */,
			);
			runOnlyForDeploymentPostprocessing = 0;
		};
/* End PBXFrameworksBuildPhase section */

/* Begin PBXGroup section */
		1DBBE0BB184CF26000E767CE = {
			isa = PBXGroup;
			children = (
				1DBBE0F6184CF36E00E767CE /* .gitignore */,
				1DBBE0F7184CF38400E767CE /* .travis.yml */,
				1DBBE0CE184CF26000E767CE /* CoreMath */,
				1DBBE105184CF48700E767CE /* CoreMathTests */,
				1DBBE0C7184CF26000E767CE /* Frameworks */,
				1DBBE0C6184CF26000E767CE /* Products */,
			);
			sourceTree = "<group>";
		};
		1DBBE0C6184CF26000E767CE /* Products */ = {
			isa = PBXGroup;
			children = (
				1DBBE0C5184CF26000E767CE /* CoreMath.framework */,
				1DBBE102184CF48700E767CE /* CoreMathTests.octest */,
			);
			name = Products;
			sourceTree = "<group>";
		};
		1DBBE0C7184CF26000E767CE /* Frameworks */ = {
			isa = PBXGroup;
			children = (
				1DBBE126184CFE9C00E767CE /* MSBooster.xcodeproj */,
				1DBBE125184CFE3D00E767CE /* System Frameworks */,
			);
			path = Frameworks;
			sourceTree = "<group>";
		};
		1DBBE0CA184CF26000E767CE /* Other Frameworks */ = {
			isa = PBXGroup;
			children = (
				1DBBE0CB184CF26000E767CE /* Foundation.framework */,
				1DBBE0CC184CF26000E767CE /* CoreData.framework */,
				1DBBE0CD184CF26000E767CE /* AppKit.framework */,
			);
			name = "Other Frameworks";
			sourceTree = "<group>";
		};
		1DBBE0CE184CF26000E767CE /* CoreMath */ = {
			isa = PBXGroup;
			children = (
				1DBBE0D5184CF26000E767CE /* CoreMath.h */,
				1DBBE121184CFDE200E767CE /* NSObject+CMOverloading.h */,
				1DBBE122184CFDE200E767CE /* NSObject+CMOverloading.m */,
				1DBBE11D184CF65600E767CE /* NSObject+CMArithmetic.h */,
				1DBBE11E184CF65600E767CE /* NSObject+CMArithmetic.m */,
				1DBBE13A184D066500E767CE /* NSNumber+CMArithmetic.m */,
				1DBBE0F8184CF43F00E767CE /* CMVector.h */,
				1DBBE0F9184CF43F00E767CE /* CMVector.m */,
				1DBBE0CF184CF26000E767CE /* Supporting Files */,
			);
			path = CoreMath;
			sourceTree = "<group>";
		};
		1DBBE0CF184CF26000E767CE /* Supporting Files */ = {
			isa = PBXGroup;
			children = (
				1DBBE0D0184CF26000E767CE /* CoreMath-Info.plist */,
				1DBBE0D1184CF26000E767CE /* InfoPlist.strings */,
				1DBBE0F3184CF2FE00E767CE /* module.map */,
			);
			name = "Supporting Files";
			sourceTree = "<group>";
		};
		1DBBE105184CF48700E767CE /* CoreMathTests */ = {
			isa = PBXGroup;
			children = (
				1DBBE13D184D836600E767CE /* CMNumberArithmeticTest.m */,
				1DBBE115184CF4CA00E767CE /* CMVectorTest.m */,
				1DBBE106184CF48700E767CE /* Supporting Files */,
			);
			path = CoreMathTests;
			sourceTree = "<group>";
		};
		1DBBE106184CF48700E767CE /* Supporting Files */ = {
			isa = PBXGroup;
			children = (
				1DBBE107184CF48700E767CE /* CoreMathTests-Info.plist */,
				1DBBE108184CF48700E767CE /* InfoPlist.strings */,
			);
			name = "Supporting Files";
			sourceTree = "<group>";
		};
		1DBBE125184CFE3D00E767CE /* System Frameworks */ = {
			isa = PBXGroup;
			children = (
				1DBBE0C8184CF26000E767CE /* Cocoa.framework */,
				1DBBE103184CF48700E767CE /* SenTestingKit.framework */,
				1DBBE0CA184CF26000E767CE /* Other Frameworks */,
			);
			name = "System Frameworks";
			sourceTree = "<group>";
		};
		1DBBE127184CFE9C00E767CE /* Products */ = {
			isa = PBXGroup;
			children = (
				1DBBE12E184CFE9C00E767CE /* MSBooster.framework */,
				1DBBE130184CFE9C00E767CE /* MSBooster.framework */,
				1DBBE132184CFE9C00E767CE /* MSBooster Tests.octest */,
				1DBBE134184CFE9C00E767CE /* MSBooster Profiling */,
			);
			name = Products;
			sourceTree = "<group>";
		};
/* End PBXGroup section */

/* Begin PBXHeadersBuildPhase section */
		1DBBE0C2184CF26000E767CE /* Headers */ = {
			isa = PBXHeadersBuildPhase;
			buildActionMask = 2147483647;
			files = (
				1DBBE0FA184CF43F00E767CE /* CMVector.h in Headers */,
				1DBBE11F184CF65600E767CE /* NSObject+CMArithmetic.h in Headers */,
				1DBBE117184CF4CE00E767CE /* CoreMath.h in Headers */,
				1DBBE123184CFDE200E767CE /* NSObject+CMOverloading.h in Headers */,
			);
			runOnlyForDeploymentPostprocessing = 0;
		};
/* End PBXHeadersBuildPhase section */

/* Begin PBXNativeTarget section */
		1DBBE0C4184CF26000E767CE /* CoreMath */ = {
			isa = PBXNativeTarget;
			buildConfigurationList = 1DBBE0ED184CF26000E767CE /* Build configuration list for PBXNativeTarget "CoreMath" */;
			buildPhases = (
				1DBBE0C0184CF26000E767CE /* Sources */,
				1DBBE0C1184CF26000E767CE /* Frameworks */,
				1DBBE0C2184CF26000E767CE /* Headers */,
				1DBBE0C3184CF26000E767CE /* Resources */,
				1DBBE0F4184CF32F00E767CE /* CopyFiles */,
				1DBBE136184CFEDA00E767CE /* CopyFiles */,
			);
			buildRules = (
			);
			dependencies = (
			);
			name = CoreMath;
			productName = CoreMath;
			productReference = 1DBBE0C5184CF26000E767CE /* CoreMath.framework */;
			productType = "com.apple.product-type.framework";
		};
		1DBBE101184CF48700E767CE /* CoreMathTests */ = {
			isa = PBXNativeTarget;
			buildConfigurationList = 1DBBE110184CF48700E767CE /* Build configuration list for PBXNativeTarget "CoreMathTests" */;
			buildPhases = (
				1DBBE0FE184CF48700E767CE /* Sources */,
				1DBBE0FF184CF48700E767CE /* Frameworks */,
				1DBBE100184CF48700E767CE /* Resources */,
				1DBBE119184CF55200E767CE /* CopyFiles */,
			);
			buildRules = (
			);
			dependencies = (
				1DBBE10F184CF48700E767CE /* PBXTargetDependency */,
			);
			name = CoreMathTests;
			productName = CoreMathTests;
			productReference = 1DBBE102184CF48700E767CE /* CoreMathTests.octest */;
			productType = "com.apple.product-type.bundle";
		};
/* End PBXNativeTarget section */

/* Begin PBXProject section */
		1DBBE0BC184CF26000E767CE /* Project object */ = {
			isa = PBXProject;
			attributes = {
				CLASSPREFIX = CM;
				LastUpgradeCheck = 0500;
				ORGANIZATIONNAME = "Maxthon Chan";
				TargetAttributes = {
					1DBBE101184CF48700E767CE = {
						TestTargetID = 1DBBE0C4184CF26000E767CE;
					};
				};
			};
			buildConfigurationList = 1DBBE0BF184CF26000E767CE /* Build configuration list for PBXProject "CoreMath" */;
			compatibilityVersion = "Xcode 3.2";
			developmentRegion = English;
			hasScannedForEncodings = 0;
			knownRegions = (
				en,
			);
			mainGroup = 1DBBE0BB184CF26000E767CE;
			productRefGroup = 1DBBE0C6184CF26000E767CE /* Products */;
			projectDirPath = "";
			projectReferences = (
				{
					ProductGroup = 1DBBE127184CFE9C00E767CE /* Products */;
					ProjectRef = 1DBBE126184CFE9C00E767CE /* MSBooster.xcodeproj */;
				},
			);
			projectRoot = "";
			targets = (
				1DBBE0C4184CF26000E767CE /* CoreMath */,
				1DBBE101184CF48700E767CE /* CoreMathTests */,
			);
		};
/* End PBXProject section */

/* Begin PBXReferenceProxy section */
		1DBBE12E184CFE9C00E767CE /* MSBooster.framework */ = {
			isa = PBXReferenceProxy;
			fileType = wrapper.framework;
			path = MSBooster.framework;
			remoteRef = 1DBBE12D184CFE9C00E767CE /* PBXContainerItemProxy */;
			sourceTree = BUILT_PRODUCTS_DIR;
		};
		1DBBE130184CFE9C00E767CE /* MSBooster.framework */ = {
			isa = PBXReferenceProxy;
			fileType = wrapper.framework.static;
			path = MSBooster.framework;
			remoteRef = 1DBBE12F184CFE9C00E767CE /* PBXContainerItemProxy */;
			sourceTree = BUILT_PRODUCTS_DIR;
		};
		1DBBE132184CFE9C00E767CE /* MSBooster Tests.octest */ = {
			isa = PBXReferenceProxy;
			fileType = wrapper.cfbundle;
			path = "MSBooster Tests.octest";
			remoteRef = 1DBBE131184CFE9C00E767CE /* PBXContainerItemProxy */;
			sourceTree = BUILT_PRODUCTS_DIR;
		};
		1DBBE134184CFE9C00E767CE /* MSBooster Profiling */ = {
			isa = PBXReferenceProxy;
			fileType = "compiled.mach-o.executable";
			path = "MSBooster Profiling";
			remoteRef = 1DBBE133184CFE9C00E767CE /* PBXContainerItemProxy */;
			sourceTree = BUILT_PRODUCTS_DIR;
		};
/* End PBXReferenceProxy section */

/* Begin PBXResourcesBuildPhase section */
		1DBBE0C3184CF26000E767CE /* Resources */ = {
			isa = PBXResourcesBuildPhase;
			buildActionMask = 2147483647;
			files = (
				1DBBE0D3184CF26000E767CE /* InfoPlist.strings in Resources */,
			);
			runOnlyForDeploymentPostprocessing = 0;
		};
		1DBBE100184CF48700E767CE /* Resources */ = {
			isa = PBXResourcesBuildPhase;
			buildActionMask = 2147483647;
			files = (
			);
			runOnlyForDeploymentPostprocessing = 0;
		};
/* End PBXResourcesBuildPhase section */

/* Begin PBXSourcesBuildPhase section */
		1DBBE0C0184CF26000E767CE /* Sources */ = {
			isa = PBXSourcesBuildPhase;
			buildActionMask = 2147483647;
			files = (
				1DBBE0FB184CF43F00E767CE /* CMVector.m in Sources */,
				1DBBE13C184D066500E767CE /* NSNumber+CMArithmetic.m in Sources */,
				1DBBE124184CFDE200E767CE /* NSObject+CMOverloading.m in Sources */,
				1DBBE120184CF65600E767CE /* NSObject+CMArithmetic.m in Sources */,
			);
			runOnlyForDeploymentPostprocessing = 0;
		};
		1DBBE0FE184CF48700E767CE /* Sources */ = {
			isa = PBXSourcesBuildPhase;
			buildActionMask = 2147483647;
			files = (
				1DBBE13E184D836600E767CE /* CMNumberArithmeticTest.m in Sources */,
				1DBBE116184CF4CA00E767CE /* CMVectorTest.m in Sources */,
			);
			runOnlyForDeploymentPostprocessing = 0;
		};
/* End PBXSourcesBuildPhase section */

/* Begin PBXTargetDependency section */
		1DBBE10F184CF48700E767CE /* PBXTargetDependency */ = {
			isa = PBXTargetDependency;
			target = 1DBBE0C4184CF26000E767CE /* CoreMath */;
			targetProxy = 1DBBE10E184CF48700E767CE /* PBXContainerItemProxy */;
		};
/* End PBXTargetDependency section */

/* Begin PBXVariantGroup section */
		1DBBE0D1184CF26000E767CE /* InfoPlist.strings */ = {
			isa = PBXVariantGroup;
			children = (
				1DBBE0D2184CF26000E767CE /* en */,
			);
			name = InfoPlist.strings;
			sourceTree = "<group>";
		};
		1DBBE108184CF48700E767CE /* InfoPlist.strings */ = {
			isa = PBXVariantGroup;
			children = (
				1DBBE109184CF48700E767CE /* en */,
			);
			name = InfoPlist.strings;
			path = CoreMathTests;
			sourceTree = "<group>";
		};
/* End PBXVariantGroup section */

/* Begin XCBuildConfiguration section */
		1DBBE0EB184CF26000E767CE /* Debug */ = {
			isa = XCBuildConfiguration;
			buildSettings = {
				ALWAYS_SEARCH_USER_PATHS = NO;
				CLANG_CXX_LANGUAGE_STANDARD = "gnu++0x";
				CLANG_CXX_LIBRARY = "libc++";
				CLANG_ENABLE_OBJC_ARC = YES;
				CLANG_WARN_BOOL_CONVERSION = YES;
				CLANG_WARN_CONSTANT_CONVERSION = YES;
				CLANG_WARN_DIRECT_OBJC_ISA_USAGE = YES_ERROR;
				CLANG_WARN_EMPTY_BODY = YES;
				CLANG_WARN_ENUM_CONVERSION = YES;
				CLANG_WARN_INT_CONVERSION = YES;
				CLANG_WARN_OBJC_ROOT_CLASS = YES_ERROR;
				CLANG_WARN__DUPLICATE_METHOD_MATCH = YES;
				COPY_PHASE_STRIP = NO;
				GCC_C_LANGUAGE_STANDARD = gnu99;
				GCC_DYNAMIC_NO_PIC = NO;
				GCC_ENABLE_OBJC_EXCEPTIONS = YES;
				GCC_OPTIMIZATION_LEVEL = 0;
				GCC_PREPROCESSOR_DEFINITIONS = (
					"DEBUG=1",
					"$(inherited)",
				);
				GCC_SYMBOLS_PRIVATE_EXTERN = NO;
				GCC_WARN_64_TO_32_BIT_CONVERSION = YES;
				GCC_WARN_ABOUT_RETURN_TYPE = YES_ERROR;
				GCC_WARN_UNDECLARED_SELECTOR = YES;
				GCC_WARN_UNINITIALIZED_AUTOS = YES;
				GCC_WARN_UNUSED_FUNCTION = YES;
				GCC_WARN_UNUSED_VARIABLE = YES;
				MACOSX_DEPLOYMENT_TARGET = 10.9;
				ONLY_ACTIVE_ARCH = YES;
				SDKROOT = macosx;
			};
			name = Debug;
		};
		1DBBE0EC184CF26000E767CE /* Release */ = {
			isa = XCBuildConfiguration;
			buildSettings = {
				ALWAYS_SEARCH_USER_PATHS = NO;
				CLANG_CXX_LANGUAGE_STANDARD = "gnu++0x";
				CLANG_CXX_LIBRARY = "libc++";
				CLANG_ENABLE_OBJC_ARC = YES;
				CLANG_WARN_BOOL_CONVERSION = YES;
				CLANG_WARN_CONSTANT_CONVERSION = YES;
				CLANG_WARN_DIRECT_OBJC_ISA_USAGE = YES_ERROR;
				CLANG_WARN_EMPTY_BODY = YES;
				CLANG_WARN_ENUM_CONVERSION = YES;
				CLANG_WARN_INT_CONVERSION = YES;
				CLANG_WARN_OBJC_ROOT_CLASS = YES_ERROR;
				CLANG_WARN__DUPLICATE_METHOD_MATCH = YES;
				COPY_PHASE_STRIP = YES;
				DEBUG_INFORMATION_FORMAT = "dwarf-with-dsym";
				ENABLE_NS_ASSERTIONS = NO;
				GCC_C_LANGUAGE_STANDARD = gnu99;
				GCC_ENABLE_OBJC_EXCEPTIONS = YES;
				GCC_WARN_64_TO_32_BIT_CONVERSION = YES;
				GCC_WARN_ABOUT_RETURN_TYPE = YES_ERROR;
				GCC_WARN_UNDECLARED_SELECTOR = YES;
				GCC_WARN_UNINITIALIZED_AUTOS = YES;
				GCC_WARN_UNUSED_FUNCTION = YES;
				GCC_WARN_UNUSED_VARIABLE = YES;
				MACOSX_DEPLOYMENT_TARGET = 10.9;
				SDKROOT = macosx;
			};
			name = Release;
		};
		1DBBE0EE184CF26000E767CE /* Debug */ = {
			isa = XCBuildConfiguration;
			buildSettings = {
				CLANG_CXX_LANGUAGE_STANDARD = "gnu++11";
				COMBINE_HIDPI_IMAGES = YES;
				DYLIB_COMPATIBILITY_VERSION = 1;
				DYLIB_CURRENT_VERSION = 1;
				FRAMEWORK_VERSION = A;
				INFOPLIST_FILE = "CoreMath/CoreMath-Info.plist";
				INSTALL_PATH = "@rpath";
				LD_RUNPATH_SEARCH_PATHS = "@loader_path/Frameworks";
				PRODUCT_NAME = "$(TARGET_NAME)";
				WRAPPER_EXTENSION = framework;
			};
			name = Debug;
		};
		1DBBE0EF184CF26000E767CE /* Release */ = {
			isa = XCBuildConfiguration;
			buildSettings = {
				CLANG_CXX_LANGUAGE_STANDARD = "gnu++11";
				COMBINE_HIDPI_IMAGES = YES;
				DYLIB_COMPATIBILITY_VERSION = 1;
				DYLIB_CURRENT_VERSION = 1;
				FRAMEWORK_VERSION = A;
				INFOPLIST_FILE = "CoreMath/CoreMath-Info.plist";
				INSTALL_PATH = "@rpath";
				LD_RUNPATH_SEARCH_PATHS = "@loader_path/Frameworks";
				PRODUCT_NAME = "$(TARGET_NAME)";
				WRAPPER_EXTENSION = framework;
			};
			name = Release;
		};
		1DBBE111184CF48700E767CE /* Debug */ = {
			isa = XCBuildConfiguration;
			buildSettings = {
				FRAMEWORK_SEARCH_PATHS = (
					"$(DEVELOPER_FRAMEWORKS_DIR)",
					"$(inherited)",
				);
				GCC_PREPROCESSOR_DEFINITIONS = (
					"DEBUG=1",
					"$(inherited)",
				);
				INFOPLIST_FILE = "CoreMathTests/CoreMathTests-Info.plist";
				LD_RUNPATH_SEARCH_PATHS = "@loader_path/../Frameworks";
				PRODUCT_NAME = "$(TARGET_NAME)";
				WRAPPER_EXTENSION = octest;
			};
			name = Debug;
		};
		1DBBE112184CF48700E767CE /* Release */ = {
			isa = XCBuildConfiguration;
			buildSettings = {
				FRAMEWORK_SEARCH_PATHS = (
					"$(DEVELOPER_FRAMEWORKS_DIR)",
					"$(inherited)",
				);
				INFOPLIST_FILE = "CoreMathTests/CoreMathTests-Info.plist";
				LD_RUNPATH_SEARCH_PATHS = "@loader_path/../Frameworks";
				PRODUCT_NAME = "$(TARGET_NAME)";
				WRAPPER_EXTENSION = octest;
			};
			name = Release;
		};
/* End XCBuildConfiguration section */

/* Begin XCConfigurationList section */
		1DBBE0BF184CF26000E767CE /* Build configuration list for PBXProject "CoreMath" */ = {
			isa = XCConfigurationList;
			buildConfigurations = (
				1DBBE0EB184CF26000E767CE /* Debug */,
				1DBBE0EC184CF26000E767CE /* Release */,
			);
			defaultConfigurationIsVisible = 0;
			defaultConfigurationName = Release;
		};
		1DBBE0ED184CF26000E767CE /* Build configuration list for PBXNativeTarget "CoreMath" */ = {
			isa = XCConfigurationList;
			buildConfigurations = (
				1DBBE0EE184CF26000E767CE /* Debug */,
				1DBBE0EF184CF26000E767CE /* Release */,
			);
			defaultConfigurationIsVisible = 0;
		};
		1DBBE110184CF48700E767CE /* Build configuration list for PBXNativeTarget "CoreMathTests" */ = {
			isa = XCConfigurationList;
			buildConfigurations = (
				1DBBE111184CF48700E767CE /* Debug */,
				1DBBE112184CF48700E767CE /* Release */,
			);
			defaultConfigurationIsVisible = 0;
		};
/* End XCConfigurationList section */
	};
	rootObject = 1DBBE0BC184CF26000E767CE /* Project object */;
}
